Microsoft Visual Studio Solution File, Format Version 11.00
# Visual Studio 2008

Project("{A703A863-8436-4463-EC86-9D493974A1B9}") = "CastEngineUnity", "Assembly-CSharp-firstpass.csproj", "{DA2110FE-2380-B112-4320-A8496A9E83AA}"
EndProject
Project("{A703A863-8436-4463-EC86-9D493974A1B9}") = "CastEngineUnity", "Assembly-CSharp.csproj", "{1E325199-6E41-5242-481D-09B0168199B2}"
EndProject
Project("{A703A863-8436-4463-EC86-9D493974A1B9}") = "CastEngineUnity", "Assembly-CSharp-Editor.csproj", "{60581B07-CB44-13E2-1753-9B07C19851DC}"
EndProject
Global
	GlobalSection(SolutionConfigurationPlatforms) = preSolution
		Debug|Any CPU = Debug|Any CPU
		Release|Any CPU = Release|Any CPU
	EndGlobalSection
	GlobalSection(ProjectConfigurationPlatforms) = postSolution
		{DA2110FE-2380-B112-4320-A8496A9E83AA}.Debug|Any CPU.ActiveCfg = Debug|Any CPU
		{DA2110FE-2380-B112-4320-A8496A9E83AA}.Debug|Any CPU.Build.0 = Debug|Any CPU
		{DA2110FE-2380-B112-4320-A8496A9E83AA}.Release|Any CPU.ActiveCfg = Release|Any CPU
		{DA2110FE-2380-B112-4320-A8496A9E83AA}.Release|Any CPU.Build.0 = Release|Any CPU
		{1E325199-6E41-5242-481D-09B0168199B2}.Debug|Any CPU.ActiveCfg = Debug|Any CPU
		{1E325199-6E41-5242-481D-09B0168199B2}.Debug|Any CPU.Build.0 = Debug|Any CPU
		{1E325199-6E41-5242-481D-09B0168199B2}.Release|Any CPU.ActiveCfg = Release|Any CPU
		{1E325199-6E41-5242-481D-09B0168199B2}.Release|Any CPU.Build.0 = Release|Any CPU
		{60581B07-CB44-13E2-1753-9B07C19851DC}.Debug|Any CPU.ActiveCfg = Debug|Any CPU
		{60581B07-CB44-13E2-1753-9B07C19851DC}.Debug|Any CPU.Build.0 = Debug|Any CPU
		{60581B07-CB44-13E2-1753-9B07C19851DC}.Release|Any CPU.ActiveCfg = Release|Any CPU
		{60581B07-CB44-13E2-1753-9B07C19851DC}.Release|Any CPU.Build.0 = Release|Any CPU
	EndGlobalSection
	GlobalSection(SolutionProperties) = preSolution
		HideSolutionNode = FALSE
	EndGlobalSection
	GlobalSection(MonoDevelopProperties) = preSolution
		StartupItem = Assembly-CSharp.csproj
	EndGlobalSection
EndGlobal
